
Microsoft Visual Studio Solution File, Format Version 12.00
# Visual Studio Version 17
VisualStudioVersion = 17.1.32421.90
MinimumVisualStudioVersion = 10.0.40219.1
Project("{FAE04EC0-301F-11D3-BF4B-00C04F79EFBC}") = "AnimalsWebApiHW", "AnimalsWebApiHW\AnimalsWebApiHW.csproj", "{DEC7C1CA-7839-4463-A96C-C1B9F0BDF33F}"
EndProject
Global
	GlobalSection(SolutionConfigurationPlatforms) = preSolution
		Debug|Any CPU = Debug|Any CPU
		Release|Any CPU = Release|Any CPU
	EndGlobalSection
	GlobalSection(ProjectConfigurationPlatforms) = postSolution
		{DEC7C1CA-7839-4463-A96C-C1B9F0BDF33F}.Debug|Any CPU.ActiveCfg = Debug|Any CPU
		{DEC7C1CA-7839-4463-A96C-C1B9F0BDF33F}.Debug|Any CPU.Build.0 = Debug|Any CPU
		{DEC7C1CA-7839-4463-A96C-C1B9F0BDF33F}.Release|Any CPU.ActiveCfg = Release|Any CPU
		{DEC7C1CA-7839-4463-A96C-C1B9F0BDF33F}.Release|Any CPU.Build.0 = Release|Any CPU
	EndGlobalSection
	GlobalSection(SolutionProperties) = preSolution
		HideSolutionNode = FALSE
	EndGlobalSection
	GlobalSection(ExtensibilityGlobals) = postSolution
		SolutionGuid = {58827C07-26B7-4FEE-AD74-9AD7D8EC9C64}
	EndGlobalSection
EndGlobal
